
Microsoft Visual Studio Solution File, Format Version 12.00
# Visual Studio Version 17
VisualStudioVersion = 17.10.35122.118
MinimumVisualStudioVersion = 10.0.40219.1
Project("{FAE04EC0-301F-11D3-BF4B-00C04F79EFBC}") = "ThreadSafeConsole", "ThreadSafeConsole\ThreadSafeConsole.csproj", "{C7E511A5-704B-4055-BD75-2D140772E438}"
EndProject
Global
	GlobalSection(SolutionConfigurationPlatforms) = preSolution
		Debug|Any CPU = Debug|Any CPU
		Release|Any CPU = Release|Any CPU
	EndGlobalSection
	GlobalSection(ProjectConfigurationPlatforms) = postSolution
		{C7E511A5-704B-4055-BD75-2D140772E438}.Debug|Any CPU.ActiveCfg = Debug|Any CPU
		{C7E511A5-704B-4055-BD75-2D140772E438}.Debug|Any CPU.Build.0 = Debug|Any CPU
		{C7E511A5-704B-4055-BD75-2D140772E438}.Release|Any CPU.ActiveCfg = Release|Any CPU
		{C7E511A5-704B-4055-BD75-2D140772E438}.Release|Any CPU.Build.0 = Release|Any CPU
	EndGlobalSection
	GlobalSection(SolutionProperties) = preSolution
		HideSolutionNode = FALSE
	EndGlobalSection
	GlobalSection(ExtensibilityGlobals) = postSolution
		SolutionGuid = {7208C649-6219-4390-95B2-6DD2B4259316}
	EndGlobalSection
EndGlobal
